{
  "object": {
    "pins": [
      {
        "package": "Chord",
        "repositoryURL": "https://github.com/OperatorFoundation/Chord",
        "state": {
          "branch": null,
          "revision": "756eeb26b10016784e6dc7cfce33068b36e49f39",
          "version": "0.0.15"
        }
      },
      {
        "package": "Datable",
        "repositoryURL": "https://github.com/OperatorFoundation/Datable",
        "state": {
          "branch": null,
          "revision": "f935c18f2527f1b3cb6cad2511758b54effac5b1",
          "version": "3.1.2"
        }
      },
      {
        "package": "Gardener",
        "repositoryURL": "https://github.com/OperatorFoundation/Gardener.git",
        "state": {
          "branch": null,
          "revision": "780bad665f5151de942a6b83a57080ef68f34013",
          "version": "0.0.49"
        }
      },
      {
        "package": "Net",
        "repositoryURL": "https://github.com/OperatorFoundation/Net.git",
        "state": {
          "branch": null,
          "revision": "57de753edfa076c8b6c2ce5d08bbd48e3cdc1d52",
          "version": "0.0.1"
        }
      },
      {
        "package": "Song",
        "repositoryURL": "https://github.com/OperatorFoundation/Song",
        "state": {
          "branch": null,
          "revision": "18c168dc580bf4bc77c9f1ce288a9e0e0e448211",
          "version": "0.2.5"
        }
      },
      {
        "package": "swift-argument-parser",
        "repositoryURL": "https://github.com/apple/swift-argument-parser.git",
        "state": {
          "branch": null,
          "revision": "6b2aa2748a7881eebb9f84fb10c01293e15b52ca",
          "version": "0.5.0"
        }
      },
      {
        "package": "swift-ast",
        "repositoryURL": "https://github.com/OperatorFoundation/swift-ast.git",
        "state": {
          "branch": null,
          "revision": "d7e0cf0d9d3b90831a1c297ce911a338a4bd44f3",
          "version": "0.19.12"
        }
      },
      {
        "package": "SwiftQueue",
        "repositoryURL": "https://github.com/OperatorFoundation/SwiftQueue",
        "state": {
          "branch": null,
          "revision": "5e6cd8b325493f520a45d20d788efca707b53e6c",
          "version": "0.1.2"
        }
      }
    ]
  },
  "version": 1
}
